// !$*UTF8*$!
{
	archiveVersion = 1;
	classes = {
	};
	objectVersion = 46;
	objects = {

/* Begin PBXBuildFile section */
		73FE65581C3489C7008F9073 /* TimeComplexity.m in Sources */ = {isa = PBXBuildFile; fileRef = 73FE65571C3489C7008F9073 /* TimeComplexity.m */; settings = {ASSET_TAGS = (); }; };
		73FE655A1C348D58008F9073 /* README.md in Sources */ = {isa = PBXBuildFile; fileRef = 73FE65591C348D58008F9073 /* README.md */; settings = {ASSET_TAGS = (); }; };
		73FE655F1C34BDC3008F9073 /* Array.m in Sources */ = {isa = PBXBuildFile; fileRef = 73FE655E1C34BDC3008F9073 /* Array.m */; settings = {ASSET_TAGS = (); }; };
		FCFA58B51C2BFCCC002354A6 /* main.m in Sources */ = {isa = PBXBuildFile; fileRef = FCFA58B41C2BFCCC002354A6 /* main.m */; };
		FCFA58BE1C2BFD97002354A6 /* Itration.m in Sources */ = {isa = PBXBuildFile; fileRef = FCFA58BD1C2BFD97002354A6 /* Itration.m */; };
		FCFA58C01C2BFEE4002354A6 /* README.md in Sources */ = {isa = PBXBuildFile; fileRef = FCFA58BF1C2BFEE4002354A6 /* README.md */; };
/* End PBXBuildFile section */

/* Begin PBXCopyFilesBuildPhase section */
		FCFA58AF1C2BFCCC002354A6 /* CopyFiles */ = {
			isa = PBXCopyFilesBuildPhase;
			buildActionMask = 2147483647;
			dstPath = /usr/share/man/man1/;
			dstSubfolderSpec = 0;
			files = (
			);
			runOnlyForDeploymentPostprocessing = 1;
		};
/* End PBXCopyFilesBuildPhase section */

/* Begin PBXFileReference section */
		73FE65561C3489C7008F9073 /* TimeComplexity.h */ = {isa = PBXFileReference; fileEncoding = 4; lastKnownFileType = sourcecode.c.h; path = TimeComplexity.h; sourceTree = "<group>"; };
		73FE65571C3489C7008F9073 /* TimeComplexity.m */ = {isa = PBXFileReference; fileEncoding = 4; lastKnownFileType = sourcecode.c.objc; path = TimeComplexity.m; sourceTree = "<group>"; };
		73FE65591C348D58008F9073 /* README.md */ = {isa = PBXFileReference; fileEncoding = 4; lastKnownFileType = net.daringfireball.markdown; path = README.md; sourceTree = "<group>"; };
		73FE655D1C34BDC3008F9073 /* Array.h */ = {isa = PBXFileReference; fileEncoding = 4; lastKnownFileType = sourcecode.c.h; path = Array.h; sourceTree = "<group>"; };
		73FE655E1C34BDC3008F9073 /* Array.m */ = {isa = PBXFileReference; fileEncoding = 4; lastKnownFileType = sourcecode.c.objc; path = Array.m; sourceTree = "<group>"; };
		FCFA58B11C2BFCCC002354A6 /* ToptalPrep */ = {isa = PBXFileReference; explicitFileType = "compiled.mach-o.executable"; includeInIndex = 0; path = ToptalPrep; sourceTree = BUILT_PRODUCTS_DIR; };
		FCFA58B41C2BFCCC002354A6 /* main.m */ = {isa = PBXFileReference; lastKnownFileType = sourcecode.c.objc; path = main.m; sourceTree = "<group>"; };
		FCFA58BC1C2BFD97002354A6 /* Itration.h */ = {isa = PBXFileReference; fileEncoding = 4; lastKnownFileType = sourcecode.c.h; path = Itration.h; sourceTree = "<group>"; };
		FCFA58BD1C2BFD97002354A6 /* Itration.m */ = {isa = PBXFileReference; fileEncoding = 4; lastKnownFileType = sourcecode.c.objc; path = Itration.m; sourceTree = "<group>"; };
		FCFA58BF1C2BFEE4002354A6 /* README.md */ = {isa = PBXFileReference; fileEncoding = 4; lastKnownFileType = net.daringfireball.markdown; path = README.md; sourceTree = "<group>"; };
/* End PBXFileReference section */

/* Begin PBXFrameworksBuildPhase section */
		FCFA58AE1C2BFCCC002354A6 /* Frameworks */ = {
			isa = PBXFrameworksBuildPhase;
			buildActionMask = 2147483647;
			files = (
			);
			runOnlyForDeploymentPostprocessing = 0;
		};
/* End PBXFrameworksBuildPhase section */

/* Begin PBXGroup section */
		73FE65551C3489B2008F9073 /* Lesson 3 */ = {
			isa = PBXGroup;
			children = (
				73FE65591C348D58008F9073 /* README.md */,
				73FE65561C3489C7008F9073 /* TimeComplexity.h */,
				73FE65571C3489C7008F9073 /* TimeComplexity.m */,
			);
			name = "Lesson 3";
			path = TimeComplexity;
			sourceTree = "<group>";
		};
		73FE655B1C34BDB2008F9073 /* Lesson 2 */ = {
			isa = PBXGroup;
			children = (
				73FE655D1C34BDC3008F9073 /* Array.h */,
				73FE655E1C34BDC3008F9073 /* Array.m */,
			);
			name = "Lesson 2";
			path = Array;
			sourceTree = "<group>";
		};
		FCFA58A81C2BFCCC002354A6 = {
			isa = PBXGroup;
			children = (
				FCFA58B31C2BFCCC002354A6 /* ToptalPrep */,
				FCFA58B21C2BFCCC002354A6 /* Products */,
			);
			sourceTree = "<group>";
		};
		FCFA58B21C2BFCCC002354A6 /* Products */ = {
			isa = PBXGroup;
			children = (
				FCFA58B11C2BFCCC002354A6 /* ToptalPrep */,
			);
			name = Products;
			sourceTree = "<group>";
		};
		FCFA58B31C2BFCCC002354A6 /* ToptalPrep */ = {
			isa = PBXGroup;
			children = (
				73FE655B1C34BDB2008F9073 /* Lesson 2 */,
				73FE65551C3489B2008F9073 /* Lesson 3 */,
				FCFA58BB1C2BFCED002354A6 /* Lesson 1 */,
				FCFA58B41C2BFCCC002354A6 /* main.m */,
			);
			path = ToptalPrep;
			sourceTree = "<group>";
		};
		FCFA58BB1C2BFCED002354A6 /* Lesson 1 */ = {
			isa = PBXGroup;
			children = (
				FCFA58BF1C2BFEE4002354A6 /* README.md */,
				FCFA58BC1C2BFD97002354A6 /* Itration.h */,
				FCFA58BD1C2BFD97002354A6 /* Itration.m */,
			);
			name = "Lesson 1";
			path = Itration;
			sourceTree = "<group>";
		};
/* End PBXGroup section */

/* Begin PBXNativeTarget section */
		FCFA58B01C2BFCCC002354A6 /* ToptalPrep */ = {
			isa = PBXNativeTarget;
			buildConfigurationList = FCFA58B81C2BFCCC002354A6 /* Build configuration list for PBXNativeTarget "ToptalPrep" */;
			buildPhases = (
				FCFA58AD1C2BFCCC002354A6 /* Sources */,
				FCFA58AE1C2BFCCC002354A6 /* Frameworks */,
				FCFA58AF1C2BFCCC002354A6 /* CopyFiles */,
			);
			buildRules = (
			);
			dependencies = (
			);
			name = ToptalPrep;
			productName = ToptalPrep;
			productReference = FCFA58B11C2BFCCC002354A6 /* ToptalPrep */;
			productType = "com.apple.product-type.tool";
		};
/* End PBXNativeTarget section */

/* Begin PBXProject section */
		FCFA58A91C2BFCCC002354A6 /* Project object */ = {
			isa = PBXProject;
			attributes = {
				LastUpgradeCheck = 0710;
				ORGANIZATIONNAME = "IGC Technologies";
				TargetAttributes = {
					FCFA58B01C2BFCCC002354A6 = {
						CreatedOnToolsVersion = 7.1.1;
					};
				};
			};
			buildConfigurationList = FCFA58AC1C2BFCCC002354A6 /* Build configuration list for PBXProject "ToptalPrep" */;
			compatibilityVersion = "Xcode 3.2";
			developmentRegion = English;
			hasScannedForEncodings = 0;
			knownRegions = (
				en,
			);
			mainGroup = FCFA58A81C2BFCCC002354A6;
			productRefGroup = FCFA58B21C2BFCCC002354A6 /* Products */;
			projectDirPath = "";
			projectRoot = "";
			targets = (
				FCFA58B01C2BFCCC002354A6 /* ToptalPrep */,
			);
		};
/* End PBXProject section */

/* Begin PBXSourcesBuildPhase section */
		FCFA58AD1C2BFCCC002354A6 /* Sources */ = {
			isa = PBXSourcesBuildPhase;
			buildActionMask = 2147483647;
			files = (
				73FE65581C3489C7008F9073 /* TimeComplexity.m in Sources */,
				FCFA58C01C2BFEE4002354A6 /* README.md in Sources */,
				73FE655A1C348D58008F9073 /* README.md in Sources */,
				73FE655F1C34BDC3008F9073 /* Array.m in Sources */,
				FCFA58B51C2BFCCC002354A6 /* main.m in Sources */,
				FCFA58BE1C2BFD97002354A6 /* Itration.m in Sources */,
			);
			runOnlyForDeploymentPostprocessing = 0;
		};
/* End PBXSourcesBuildPhase section */

/* Begin XCBuildConfiguration section */
		FCFA58B61C2BFCCC002354A6 /* Debug */ = {
			isa = XCBuildConfiguration;
			buildSettings = {
				ALWAYS_SEARCH_USER_PATHS = NO;
				CLANG_CXX_LANGUAGE_STANDARD = "gnu++0x";
				CLANG_CXX_LIBRARY = "libc++";
				CLANG_ENABLE_MODULES = YES;
				CLANG_ENABLE_OBJC_ARC = YES;
				CLANG_WARN_BOOL_CONVERSION = YES;
				CLANG_WARN_CONSTANT_CONVERSION = YES;
				CLANG_WARN_DIRECT_OBJC_ISA_USAGE = YES_ERROR;
				CLANG_WARN_EMPTY_BODY = YES;
				CLANG_WARN_ENUM_CONVERSION = YES;
				CLANG_WARN_INT_CONVERSION = YES;
				CLANG_WARN_OBJC_ROOT_CLASS = YES_ERROR;
				CLANG_WARN_UNREACHABLE_CODE = YES;
				CLANG_WARN__DUPLICATE_METHOD_MATCH = YES;
				CODE_SIGN_IDENTITY = "-";
				COPY_PHASE_STRIP = NO;
				DEBUG_INFORMATION_FORMAT = dwarf;
				ENABLE_STRICT_OBJC_MSGSEND = YES;
				ENABLE_TESTABILITY = YES;
				GCC_C_LANGUAGE_STANDARD = gnu99;
				GCC_DYNAMIC_NO_PIC = NO;
				GCC_NO_COMMON_BLOCKS = YES;
				GCC_OPTIMIZATION_LEVEL = 0;
				GCC_PREPROCESSOR_DEFINITIONS = (
					"DEBUG=1",
					"$(inherited)",
				);
				GCC_WARN_64_TO_32_BIT_CONVERSION = YES;
				GCC_WARN_ABOUT_RETURN_TYPE = YES_ERROR;
				GCC_WARN_UNDECLARED_SELECTOR = YES;
				GCC_WARN_UNINITIALIZED_AUTOS = YES_AGGRESSIVE;
				GCC_WARN_UNUSED_FUNCTION = YES;
				GCC_WARN_UNUSED_VARIABLE = YES;
				MACOSX_DEPLOYMENT_TARGET = 10.11;
				MTL_ENABLE_DEBUG_INFO = YES;
				ONLY_ACTIVE_ARCH = YES;
				SDKROOT = macosx;
			};
			name = Debug;
		};
		FCFA58B71C2BFCCC002354A6 /* Release */ = {
			isa = XCBuildConfiguration;
			buildSettings = {
				ALWAYS_SEARCH_USER_PATHS = NO;
				CLANG_CXX_LANGUAGE_STANDARD = "gnu++0x";
				CLANG_CXX_LIBRARY = "libc++";
				CLANG_ENABLE_MODULES = YES;
				CLANG_ENABLE_OBJC_ARC = YES;
				CLANG_WARN_BOOL_CONVERSION = YES;
				CLANG_WARN_CONSTANT_CONVERSION = YES;
				CLANG_WARN_DIRECT_OBJC_ISA_USAGE = YES_ERROR;
				CLANG_WARN_EMPTY_BODY = YES;
				CLANG_WARN_ENUM_CONVERSION = YES;
				CLANG_WARN_INT_CONVERSION = YES;
				CLANG_WARN_OBJC_ROOT_CLASS = YES_ERROR;
				CLANG_WARN_UNREACHABLE_CODE = YES;
				CLANG_WARN__DUPLICATE_METHOD_MATCH = YES;
				CODE_SIGN_IDENTITY = "-";
				COPY_PHASE_STRIP = NO;
				DEBUG_INFORMATION_FORMAT = "dwarf-with-dsym";
				ENABLE_NS_ASSERTIONS = NO;
				ENABLE_STRICT_OBJC_MSGSEND = YES;
				GCC_C_LANGUAGE_STANDARD = gnu99;
				GCC_NO_COMMON_BLOCKS = YES;
				GCC_WARN_64_TO_32_BIT_CONVERSION = YES;
				GCC_WARN_ABOUT_RETURN_TYPE = YES_ERROR;
				GCC_WARN_UNDECLARED_SELECTOR = YES;
				GCC_WARN_UNINITIALIZED_AUTOS = YES_AGGRESSIVE;
				GCC_WARN_UNUSED_FUNCTION = YES;
				GCC_WARN_UNUSED_VARIABLE = YES;
				MACOSX_DEPLOYMENT_TARGET = 10.11;
				MTL_ENABLE_DEBUG_INFO = NO;
				SDKROOT = macosx;
			};
			name = Release;
		};
		FCFA58B91C2BFCCC002354A6 /* Debug */ = {
			isa = XCBuildConfiguration;
			buildSettings = {
				PRODUCT_NAME = "$(TARGET_NAME)";
			};
			name = Debug;
		};
		FCFA58BA1C2BFCCC002354A6 /* Release */ = {
			isa = XCBuildConfiguration;
			buildSettings = {
				PRODUCT_NAME = "$(TARGET_NAME)";
			};
			name = Release;
		};
/* End XCBuildConfiguration section */

/* Begin XCConfigurationList section */
		FCFA58AC1C2BFCCC002354A6 /* Build configuration list for PBXProject "ToptalPrep" */ = {
			isa = XCConfigurationList;
			buildConfigurations = (
				FCFA58B61C2BFCCC002354A6 /* Debug */,
				FCFA58B71C2BFCCC002354A6 /* Release */,
			);
			defaultConfigurationIsVisible = 0;
			defaultConfigurationName = Release;
		};
		FCFA58B81C2BFCCC002354A6 /* Build configuration list for PBXNativeTarget "ToptalPrep" */ = {
			isa = XCConfigurationList;
			buildConfigurations = (
				FCFA58B91C2BFCCC002354A6 /* Debug */,
				FCFA58BA1C2BFCCC002354A6 /* Release */,
			);
			defaultConfigurationIsVisible = 0;
			defaultConfigurationName = Release;
		};
/* End XCConfigurationList section */
	};
	rootObject = FCFA58A91C2BFCCC002354A6 /* Project object */;
}
